// !$*UTF8*$!
{
	archiveVersion = 1;
	classes = {
	};
	objectVersion = 77;
	objects = {

/* Begin PBXBuildFile section */
		E6B0024C306DF24C00397EFF /* WidgetKit.framework in Frameworks */ = {isa = PBXBuildFile; fileRef = E6B0024B306DF24C00397EFF /* WidgetKit.framework */; };
		E6B0024E306DF24C00397EFF /* SwiftUI.framework in Frameworks */ = {isa = PBXBuildFile; fileRef = E6B0024D306DF24C00397EFF /* SwiftUI.framework */; };
		E6B00259306DF24D00397EFF /* LeanPawsWidgetExtension.appex in Embed Foundation Extensions */ = {isa = PBXBuildFile; fileRef = E6B00249306DF24C00397EFF /* LeanPawsWidgetExtension.appex */; settings = {ATTRIBUTES = (RemoveHeadersOnCopy, ); }; };
		E6B00265306DF29700397EFF /* UserNotifications.framework in Frameworks */ = {isa = PBXBuildFile; fileRef = E6B00264306DF29700397EFF /* UserNotifications.framework */; };
		E6B00267306DF29700397EFF /* UserNotificationsUI.framework in Frameworks */ = {isa = PBXBuildFile; fileRef = E6B00266306DF29700397EFF /* UserNotificationsUI.framework */; };
		E6B00271306DF29700397EFF /* LeanPawsNotification.appex in Embed Foundation Extensions */ = {isa = PBXBuildFile; fileRef = E6B00263306DF29700397EFF /* LeanPawsNotification.appex */; settings = {ATTRIBUTES = (RemoveHeadersOnCopy, ); }; };
/* End PBXBuildFile section */

/* Begin PBXContainerItemProxy section */
		E6B00205306DF03B00397EFF /* PBXContainerItemProxy */ = {
			isa = PBXContainerItemProxy;
			containerPortal = E6B001EF306DF03A00397EFF /* Project object */;
			proxyType = 1;
			remoteGlobalIDString = E6B001F6306DF03A00397EFF;
			remoteInfo = LeanPaws;
		};
		E6B0020F306DF03B00397EFF /* PBXContainerItemProxy */ = {
			isa = PBXContainerItemProxy;
			containerPortal = E6B001EF306DF03A00397EFF /* Project object */;
			proxyType = 1;
			remoteGlobalIDString = E6B001F6306DF03A00397EFF;
			remoteInfo = LeanPaws;
		};
		E6B00257306DF24D00397EFF /* PBXContainerItemProxy */ = {
			isa = PBXContainerItemProxy;
			containerPortal = E6B001EF306DF03A00397EFF /* Project object */;
			proxyType = 1;
			remoteGlobalIDString = E6B00248306DF24C00397EFF;
			remoteInfo = LeanPawsWidgetExtension;
		};
		E6B0026F306DF29700397EFF /* PBXContainerItemProxy */ = {
			isa = PBXContainerItemProxy;
			containerPortal = E6B001EF306DF03A00397EFF /* Project object */;
			proxyType = 1;
			remoteGlobalIDString = E6B00262306DF29700397EFF;
			remoteInfo = LeanPawsNotification;
		};
/* End PBXContainerItemProxy section */

/* Begin PBXCopyFilesBuildPhase section */
		E6B0025A306DF24D00397EFF /* Embed Foundation Extensions */ = {
			isa = PBXCopyFilesBuildPhase;
			buildActionMask = 2147483647;
			dstPath = "";
			dstSubfolderSpec = 13;
			files = (
				E6B00271306DF29700397EFF /* LeanPawsNotification.appex in Embed Foundation Extensions */,
				E6B00259306DF24D00397EFF /* LeanPawsWidgetExtension.appex in Embed Foundation Extensions */,
			);
			name = "Embed Foundation Extensions";
			runOnlyForDeploymentPostprocessing = 0;
		};
/* End PBXCopyFilesBuildPhase section */

/* Begin PBXFileReference section */
		E6B001F7306DF03A00397EFF /* LeanPaws.app */ = {isa = PBXFileReference; explicitFileType = wrapper.application; includeInIndex = 0; path = LeanPaws.app; sourceTree = BUILT_PRODUCTS_DIR; };
		E6B00204306DF03B00397EFF /* LeanPawsTests.xctest */ = {isa = PBXFileReference; explicitFileType = wrapper.cfbundle; includeInIndex = 0; path = LeanPawsTests.xctest; sourceTree = BUILT_PRODUCTS_DIR; };
		E6B0020E306DF03B00397EFF /* LeanPawsUITests.xctest */ = {isa = PBXFileReference; explicitFileType = wrapper.cfbundle; includeInIndex = 0; path = LeanPawsUITests.xctest; sourceTree = BUILT_PRODUCTS_DIR; };
		E6B00249306DF24C00397EFF /* LeanPawsWidgetExtension.appex */ = {isa = PBXFileReference; explicitFileType = "wrapper.app-extension"; includeInIndex = 0; path = LeanPawsWidgetExtension.appex; sourceTree = BUILT_PRODUCTS_DIR; };
		E6B0024B306DF24C00397EFF /* WidgetKit.framework */ = {isa = PBXFileReference; lastKnownFileType = wrapper.framework; name = WidgetKit.framework; path = System/Library/Frameworks/WidgetKit.framework; sourceTree = SDKROOT; };
		E6B0024D306DF24C00397EFF /* SwiftUI.framework */ = {isa = PBXFileReference; lastKnownFileType = wrapper.framework; name = SwiftUI.framework; path = System/Library/Frameworks/SwiftUI.framework; sourceTree = SDKROOT; };
		E6B00263306DF29700397EFF /* LeanPawsNotification.appex */ = {isa = PBXFileReference; explicitFileType = "wrapper.app-extension"; includeInIndex = 0; path = LeanPawsNotification.appex; sourceTree = BUILT_PRODUCTS_DIR; };
		E6B00264306DF29700397EFF /* UserNotifications.framework */ = {isa = PBXFileReference; lastKnownFileType = wrapper.framework; name = UserNotifications.framework; path = System/Library/Frameworks/UserNotifications.framework; sourceTree = SDKROOT; };
		E6B00266306DF29700397EFF /* UserNotificationsUI.framework */ = {isa = PBXFileReference; lastKnownFileType = wrapper.framework; name = UserNotificationsUI.framework; path = System/Library/Frameworks/UserNotificationsUI.framework; sourceTree = SDKROOT; };
		E6B00277306DF43C00397EFF /* LeanPawsWidgetExtension.entitlements */ = {isa = PBXFileReference; lastKnownFileType = text.plist.entitlements; path = LeanPawsWidgetExtension.entitlements; sourceTree = "<group>"; };
/* End PBXFileReference section */

/* Begin PBXFileSystemSynchronizedBuildFileExceptionSet section */
		E6B0025D306DF24D00397EFF /* Exceptions for "LeanPawsWidget" folder in "LeanPawsWidgetExtension" target */ = {
			isa = PBXFileSystemSynchronizedBuildFileExceptionSet;
			membershipExceptions = (
				Info.plist,
			);
			target = E6B00248306DF24C00397EFF /* LeanPawsWidgetExtension */;
		};
		E6B00272306DF29700397EFF /* Exceptions for "LeanPawsNotification" folder in "LeanPawsNotification" target */ = {
			isa = PBXFileSystemSynchronizedBuildFileExceptionSet;
			membershipExceptions = (
				Info.plist,
			);
			target = E6B00262306DF29700397EFF /* LeanPawsNotification */;
		};
/* End PBXFileSystemSynchronizedBuildFileExceptionSet section */

/* Begin PBXFileSystemSynchronizedRootGroup section */
		E6B001F9306DF03A00397EFF /* LeanPaws */ = {
			isa = PBXFileSystemSynchronizedRootGroup;
			path = LeanPaws;
			sourceTree = "<group>";
		};
		E6B00207306DF03B00397EFF /* LeanPawsTests */ = {
			isa = PBXFileSystemSynchronizedRootGroup;
			path = LeanPawsTests;
			sourceTree = "<group>";
		};
		E6B00211306DF03B00397EFF /* LeanPawsUITests */ = {
			isa = PBXFileSystemSynchronizedRootGroup;
			path = LeanPawsUITests;
			sourceTree = "<group>";
		};
		E6B0024F306DF24C00397EFF /* LeanPawsWidget */ = {
			isa = PBXFileSystemSynchronizedRootGroup;
			exceptions = (
				E6B0025D306DF24D00397EFF /* Exceptions for "LeanPawsWidget" folder in "LeanPawsWidgetExtension" target */,
			);
			path = LeanPawsWidget;
			sourceTree = "<group>";
		};
		E6B00268306DF29700397EFF /* LeanPawsNotification */ = {
			isa = PBXFileSystemSynchronizedRootGroup;
			exceptions = (
				E6B00272306DF29700397EFF /* Exceptions for "LeanPawsNotification" folder in "LeanPawsNotification" target */,
			);
			path = LeanPawsNotification;
			sourceTree = "<group>";
		};
		E6B00279306DF4E800397EFF /* Shared */ = {
			isa = PBXFileSystemSynchronizedRootGroup;
			path = Shared;
			sourceTree = "<group>";
		};
/* End PBXFileSystemSynchronizedRootGroup section */

/* Begin PBXFrameworksBuildPhase section */
		E6B001F4306DF03A00397EFF /* Frameworks */ = {
			isa = PBXFrameworksBuildPhase;
			buildActionMask = 2147483647;
			files = (
			);
			runOnlyForDeploymentPostprocessing = 0;
		};
		E6B00201306DF03B00397EFF /* Frameworks */ = {
			isa = PBXFrameworksBuildPhase;
			buildActionMask = 2147483647;
			files = (
			);
			runOnlyForDeploymentPostprocessing = 0;
		};
		E6B0020B306DF03B00397EFF /* Frameworks */ = {
			isa = PBXFrameworksBuildPhase;
			buildActionMask = 2147483647;
			files = (
			);
			runOnlyForDeploymentPostprocessing = 0;
		};
		E6B00246306DF24C00397EFF /* Frameworks */ = {
			isa = PBXFrameworksBuildPhase;
			buildActionMask = 2147483647;
			files = (
				E6B0024E306DF24C00397EFF /* SwiftUI.framework in Frameworks */,
				E6B0024C306DF24C00397EFF /* WidgetKit.framework in Frameworks */,
			);
			runOnlyForDeploymentPostprocessing = 0;
		};
		E6B00260306DF29700397EFF /* Frameworks */ = {
			isa = PBXFrameworksBuildPhase;
			buildActionMask = 2147483647;
			files = (
				E6B00267306DF29700397EFF /* UserNotificationsUI.framework in Frameworks */,
				E6B00265306DF29700397EFF /* UserNotifications.framework in Frameworks */,
			);
			runOnlyForDeploymentPostprocessing = 0;
		};
/* End PBXFrameworksBuildPhase section */

/* Begin PBXGroup section */
		E6B001EE306DF03A00397EFF = {
			isa = PBXGroup;
			children = (
				E6B00279306DF4E800397EFF /* Shared */,
				E6B00277306DF43C00397EFF /* LeanPawsWidgetExtension.entitlements */,
				E6B001F9306DF03A00397EFF /* LeanPaws */,
				E6B00207306DF03B00397EFF /* LeanPawsTests */,
				E6B00211306DF03B00397EFF /* LeanPawsUITests */,
				E6B0024F306DF24C00397EFF /* LeanPawsWidget */,
				E6B00268306DF29700397EFF /* LeanPawsNotification */,
				E6B0024A306DF24C00397EFF /* Frameworks */,
				E6B001F8306DF03A00397EFF /* Products */,
			);
			sourceTree = "<group>";
		};
		E6B001F8306DF03A00397EFF /* Products */ = {
			isa = PBXGroup;
			children = (
				E6B001F7306DF03A00397EFF /* LeanPaws.app */,
				E6B00204306DF03B00397EFF /* LeanPawsTests.xctest */,
				E6B0020E306DF03B00397EFF /* LeanPawsUITests.xctest */,
				E6B00249306DF24C00397EFF /* LeanPawsWidgetExtension.appex */,
				E6B00263306DF29700397EFF /* LeanPawsNotification.appex */,
			);
			name = Products;
			sourceTree = "<group>";
		};
		E6B0024A306DF24C00397EFF /* Frameworks */ = {
			isa = PBXGroup;
			children = (
				E6B0024B306DF24C00397EFF /* WidgetKit.framework */,
				E6B0024D306DF24C00397EFF /* SwiftUI.framework */,
				E6B00264306DF29700397EFF /* UserNotifications.framework */,
				E6B00266306DF29700397EFF /* UserNotificationsUI.framework */,
			);
			name = Frameworks;
			sourceTree = "<group>";
		};
/* End PBXGroup section */

/* Begin PBXNativeTarget section */
		E6B001F6306DF03A00397EFF /* LeanPaws */ = {
			isa = PBXNativeTarget;
			buildConfigurationList = E6B00218306DF03B00397EFF /* Build configuration list for PBXNativeTarget "LeanPaws" */;
			buildPhases = (
				E6B001F3306DF03A00397EFF /* Sources */,
				E6B001F4306DF03A00397EFF /* Frameworks */,
				E6B001F5306DF03A00397EFF /* Resources */,
				E6B0025A306DF24D00397EFF /* Embed Foundation Extensions */,
			);
			buildRules = (
			);
			dependencies = (
				E6B00258306DF24D00397EFF /* PBXTargetDependency */,
				E6B00270306DF29700397EFF /* PBXTargetDependency */,
			);
			fileSystemSynchronizedGroups = (
				E6B001F9306DF03A00397EFF /* LeanPaws */,
				E6B00279306DF4E800397EFF /* Shared */,
			);
			name = LeanPaws;
			packageProductDependencies = (
			);
			productName = LeanPaws;
			productReference = E6B001F7306DF03A00397EFF /* LeanPaws.app */;
			productType = "com.apple.product-type.application";
		};
		E6B00203306DF03B00397EFF /* LeanPawsTests */ = {
			isa = PBXNativeTarget;
			buildConfigurationList = E6B0021B306DF03B00397EFF /* Build configuration list for PBXNativeTarget "LeanPawsTests" */;
			buildPhases = (
				E6B00200306DF03B00397EFF /* Sources */,
				E6B00201306DF03B00397EFF /* Frameworks */,
				E6B00202306DF03B00397EFF /* Resources */,
			);
			buildRules = (
			);
			dependencies = (
				E6B00206306DF03B00397EFF /* PBXTargetDependency */,
			);
			fileSystemSynchronizedGroups = (
				E6B00207306DF03B00397EFF /* LeanPawsTests */,
			);
			name = LeanPawsTests;
			packageProductDependencies = (
			);
			productName = LeanPawsTests;
			productReference = E6B00204306DF03B00397EFF /* LeanPawsTests.xctest */;
			productType = "com.apple.product-type.bundle.unit-test";
		};
		E6B0020D306DF03B00397EFF /* LeanPawsUITests */ = {
			isa = PBXNativeTarget;
			buildConfigurationList = E6B0021E306DF03B00397EFF /* Build configuration list for PBXNativeTarget "LeanPawsUITests" */;
			buildPhases = (
				E6B0020A306DF03B00397EFF /* Sources */,
				E6B0020B306DF03B00397EFF /* Frameworks */,
				E6B0020C306DF03B00397EFF /* Resources */,
			);
			buildRules = (
			);
			dependencies = (
				E6B00210306DF03B00397EFF /* PBXTargetDependency */,
			);
			fileSystemSynchronizedGroups = (
				E6B00211306DF03B00397EFF /* LeanPawsUITests */,
			);
			name = LeanPawsUITests;
			packageProductDependencies = (
			);
			productName = LeanPawsUITests;
			productReference = E6B0020E306DF03B00397EFF /* LeanPawsUITests.xctest */;
			productType = "com.apple.product-type.bundle.ui-testing";
		};
		E6B00248306DF24C00397EFF /* LeanPawsWidgetExtension */ = {
			isa = PBXNativeTarget;
			buildConfigurationList = E6B0025E306DF24D00397EFF /* Build configuration list for PBXNativeTarget "LeanPawsWidgetExtension" */;
			buildPhases = (
				E6B00245306DF24C00397EFF /* Sources */,
				E6B00246306DF24C00397EFF /* Frameworks */,
				E6B00247306DF24C00397EFF /* Resources */,
			);
			buildRules = (
			);
			dependencies = (
			);
			fileSystemSynchronizedGroups = (
				E6B0024F306DF24C00397EFF /* LeanPawsWidget */,
				E6B00279306DF4E800397EFF /* Shared */,
			);
			name = LeanPawsWidgetExtension;
			packageProductDependencies = (
			);
			productName = LeanPawsWidgetExtension;
			productReference = E6B00249306DF24C00397EFF /* LeanPawsWidgetExtension.appex */;
			productType = "com.apple.product-type.app-extension";
		};
		E6B00262306DF29700397EFF /* LeanPawsNotification */ = {
			isa = PBXNativeTarget;
			buildConfigurationList = E6B00273306DF29700397EFF /* Build configuration list for PBXNativeTarget "LeanPawsNotification" */;
			buildPhases = (
				E6B0025F306DF29700397EFF /* Sources */,
				E6B00260306DF29700397EFF /* Frameworks */,
				E6B00261306DF29700397EFF /* Resources */,
			);
			buildRules = (
			);
			dependencies = (
			);
			fileSystemSynchronizedGroups = (
				E6B00268306DF29700397EFF /* LeanPawsNotification */,
				E6B00279306DF4E800397EFF /* Shared */,
			);
			name = LeanPawsNotification;
			packageProductDependencies = (
			);
			productName = LeanPawsNotification;
			productReference = E6B00263306DF29700397EFF /* LeanPawsNotification.appex */;
			productType = "com.apple.product-type.app-extension";
		};
/* End PBXNativeTarget section */

/* Begin PBXProject section */
		E6B001EF306DF03A00397EFF /* Project object */ = {
			isa = PBXProject;
			attributes = {
				BuildIndependentTargetsInParallel = 1;
				LastSwiftUpdateCheck = 2640;
				LastUpgradeCheck = 2640;
				TargetAttributes = {
					E6B001F6306DF03A00397EFF = {
						CreatedOnToolsVersion = 26.4;
					};
					E6B00203306DF03B00397EFF = {
						CreatedOnToolsVersion = 26.4;
						LastSwiftMigration = 2640;
						TestTargetID = E6B001F6306DF03A00397EFF;
					};
					E6B0020D306DF03B00397EFF = {
						CreatedOnToolsVersion = 26.4;
						TestTargetID = E6B001F6306DF03A00397EFF;
					};
					E6B00248306DF24C00397EFF = {
						CreatedOnToolsVersion = 26.4;
					};
					E6B00262306DF29700397EFF = {
						CreatedOnToolsVersion = 26.4;
					};
				};
			};
			buildConfigurationList = E6B001F2306DF03A00397EFF /* Build configuration list for PBXProject "LeanPaws" */;
			developmentRegion = en;
			hasScannedForEncodings = 0;
			knownRegions = (
				en,
				Base,
			);
			mainGroup = E6B001EE306DF03A00397EFF;
			minimizedProjectReferenceProxies = 1;
			preferredProjectObjectVersion = 77;
			productRefGroup = E6B001F8306DF03A00397EFF /* Products */;
			projectDirPath = "";
			projectRoot = "";
			targets = (
				E6B001F6306DF03A00397EFF /* LeanPaws */,
				E6B00203306DF03B00397EFF /* LeanPawsTests */,
				E6B0020D306DF03B00397EFF /* LeanPawsUITests */,
				E6B00248306DF24C00397EFF /* LeanPawsWidgetExtension */,
				E6B00262306DF29700397EFF /* LeanPawsNotification */,
			);
		};
/* End PBXProject section */

/* Begin PBXResourcesBuildPhase section */
		E6B001F5306DF03A00397EFF /* Resources */ = {
			isa = PBXResourcesBuildPhase;
			buildActionMask = 2147483647;
			files = (
			);
			runOnlyForDeploymentPostprocessing = 0;
		};
		E6B00202306DF03B00397EFF /* Resources */ = {
			isa = PBXResourcesBuildPhase;
			buildActionMask = 2147483647;
			files = (
			);
			runOnlyForDeploymentPostprocessing = 0;
		};
		E6B0020C306DF03B00397EFF /* Resources */ = {
			isa = PBXResourcesBuildPhase;
			buildActionMask = 2147483647;
			files = (
			);
			runOnlyForDeploymentPostprocessing = 0;
		};
		E6B00247306DF24C00397EFF /* Resources */ = {
			isa = PBXResourcesBuildPhase;
			buildActionMask = 2147483647;
			files = (
			);
			runOnlyForDeploymentPostprocessing = 0;
		};
		E6B00261306DF29700397EFF /* Resources */ = {
			isa = PBXResourcesBuildPhase;
			buildActionMask = 2147483647;
			files = (
			);
			runOnlyForDeploymentPostprocessing = 0;
		};
/* End PBXResourcesBuildPhase section */

/* Begin PBXSourcesBuildPhase section */
		E6B001F3306DF03A00397EFF /* Sources */ = {
			isa = PBXSourcesBuildPhase;
			buildActionMask = 2147483647;
			files = (
			);
			runOnlyForDeploymentPostprocessing = 0;
		};
		E6B00200306DF03B00397EFF /* Sources */ = {
			isa = PBXSourcesBuildPhase;
			buildActionMask = 2147483647;
			files = (
			);
			runOnlyForDeploymentPostprocessing = 0;
		};
		E6B0020A306DF03B00397EFF /* Sources */ = {
			isa = PBXSourcesBuildPhase;
			buildActionMask = 2147483647;
			files = (
			);
			runOnlyForDeploymentPostprocessing = 0;
		};
		E6B00245306DF24C00397EFF /* Sources */ = {
			isa = PBXSourcesBuildPhase;
			buildActionMask = 2147483647;
			files = (
			);
			runOnlyForDeploymentPostprocessing = 0;
		};
		E6B0025F306DF29700397EFF /* Sources */ = {
			isa = PBXSourcesBuildPhase;
			buildActionMask = 2147483647;
			files = (
			);
			runOnlyForDeploymentPostprocessing = 0;
		};
/* End PBXSourcesBuildPhase section */

/* Begin PBXTargetDependency section */
		E6B00206306DF03B00397EFF /* PBXTargetDependency */ = {
			isa = PBXTargetDependency;
			target = E6B001F6306DF03A00397EFF /* LeanPaws */;
			targetProxy = E6B00205306DF03B00397EFF /* PBXContainerItemProxy */;
		};
		E6B00210306DF03B00397EFF /* PBXTargetDependency */ = {
			isa = PBXTargetDependency;
			target = E6B001F6306DF03A00397EFF /* LeanPaws */;
			targetProxy = E6B0020F306DF03B00397EFF /* PBXContainerItemProxy */;
		};
		E6B00258306DF24D00397EFF /* PBXTargetDependency */ = {
			isa = PBXTargetDependency;
			target = E6B00248306DF24C00397EFF /* LeanPawsWidgetExtension */;
			targetProxy = E6B00257306DF24D00397EFF /* PBXContainerItemProxy */;
		};
		E6B00270306DF29700397EFF /* PBXTargetDependency */ = {
			isa = PBXTargetDependency;
			target = E6B00262306DF29700397EFF /* LeanPawsNotification */;
			targetProxy = E6B0026F306DF29700397EFF /* PBXContainerItemProxy */;
		};
/* End PBXTargetDependency section */

/* Begin XCBuildConfiguration section */
		E6B00216306DF03B00397EFF /* Debug */ = {
			isa = XCBuildConfiguration;
			buildSettings = {
				ALWAYS_SEARCH_USER_PATHS = NO;
				ASSETCATALOG_COMPILER_GENERATE_SWIFT_ASSET_SYMBOL_EXTENSIONS = YES;
				CLANG_ANALYZER_NONNULL = YES;
				CLANG_ANALYZER_NUMBER_OBJECT_CONVERSION = YES_AGGRESSIVE;
				CLANG_CXX_LANGUAGE_STANDARD = "gnu++20";
				CLANG_ENABLE_MODULES = YES;
				CLANG_ENABLE_OBJC_ARC = YES;
				CLANG_ENABLE_OBJC_WEAK = YES;
				CLANG_WARN_BLOCK_CAPTURE_AUTORELEASING = YES;
				CLANG_WARN_BOOL_CONVERSION = YES;
				CLANG_WARN_COMMA = YES;
				CLANG_WARN_CONSTANT_CONVERSION = YES;
				CLANG_WARN_DEPRECATED_OBJC_IMPLEMENTATIONS = YES;
				CLANG_WARN_DIRECT_OBJC_ISA_USAGE = YES_ERROR;
				CLANG_WARN_DOCUMENTATION_COMMENTS = YES;
				CLANG_WARN_EMPTY_BODY = YES;
				CLANG_WARN_ENUM_CONVERSION = YES;
				CLANG_WARN_INFINITE_RECURSION = YES;
				CLANG_WARN_INT_CONVERSION = YES;
				CLANG_WARN_NON_LITERAL_NULL_CONVERSION = YES;
				CLANG_WARN_OBJC_IMPLICIT_RETAIN_SELF = YES;
				CLANG_WARN_OBJC_LITERAL_CONVERSION = YES;
				CLANG_WARN_OBJC_ROOT_CLASS = YES_ERROR;
				CLANG_WARN_QUOTED_INCLUDE_IN_FRAMEWORK_HEADER = YES;
				CLANG_WARN_RANGE_LOOP_ANALYSIS = YES;
				CLANG_WARN_STRICT_PROTOTYPES = YES;
				CLANG_WARN_SUSPICIOUS_MOVE = YES;
				CLANG_WARN_UNGUARDED_AVAILABILITY = YES_AGGRESSIVE;
				CLANG_WARN_UNREACHABLE_CODE = YES;
				CLANG_WARN__DUPLICATE_METHOD_MATCH = YES;
				COPY_PHASE_STRIP = NO;
				DEBUG_INFORMATION_FORMAT = dwarf;
				ENABLE_STRICT_OBJC_MSGSEND = YES;
				ENABLE_TESTABILITY = YES;
				ENABLE_USER_SCRIPT_SANDBOXING = YES;
				GCC_C_LANGUAGE_STANDARD = gnu17;
				GCC_DYNAMIC_NO_PIC = NO;
				GCC_NO_COMMON_BLOCKS = YES;
				GCC_OPTIMIZATION_LEVEL = 0;
				GCC_PREPROCESSOR_DEFINITIONS = (
					"DEBUG=1",
					"$(inherited)",
				);
				GCC_WARN_64_TO_32_BIT_CONVERSION = YES;
				GCC_WARN_ABOUT_RETURN_TYPE = YES_ERROR;
				GCC_WARN_UNDECLARED_SELECTOR = YES;
				GCC_WARN_UNINITIALIZED_AUTOS = YES_AGGRESSIVE;
				GCC_WARN_UNUSED_FUNCTION = YES;
				GCC_WARN_UNUSED_VARIABLE = YES;
				IPHONEOS_DEPLOYMENT_TARGET = 26.4;
				LOCALIZATION_PREFERS_STRING_CATALOGS = YES;
				MTL_ENABLE_DEBUG_INFO = INCLUDE_SOURCE;
				MTL_FAST_MATH = YES;
				ONLY_ACTIVE_ARCH = YES;
				SDKROOT = iphoneos;
				SWIFT_ACTIVE_COMPILATION_CONDITIONS = "DEBUG $(inherited)";
				SWIFT_OPTIMIZATION_LEVEL = "-Onone";
			};
			name = Debug;
		};
		E6B00217306DF03B00397EFF /* Release */ = {
			isa = XCBuildConfiguration;
			buildSettings = {
				ALWAYS_SEARCH_USER_PATHS = NO;
				ASSETCATALOG_COMPILER_GENERATE_SWIFT_ASSET_SYMBOL_EXTENSIONS = YES;
				CLANG_ANALYZER_NONNULL = YES;
				CLANG_ANALYZER_NUMBER_OBJECT_CONVERSION = YES_AGGRESSIVE;
				CLANG_CXX_LANGUAGE_STANDARD = "gnu++20";
				CLANG_ENABLE_MODULES = YES;
				CLANG_ENABLE_OBJC_ARC = YES;
				CLANG_ENABLE_OBJC_WEAK = YES;
				CLANG_WARN_BLOCK_CAPTURE_AUTORELEASING = YES;
				CLANG_WARN_BOOL_CONVERSION = YES;
				CLANG_WARN_COMMA = YES;
				CLANG_WARN_CONSTANT_CONVERSION = YES;
				CLANG_WARN_DEPRECATED_OBJC_IMPLEMENTATIONS = YES;
				CLANG_WARN_DIRECT_OBJC_ISA_USAGE = YES_ERROR;
				CLANG_WARN_DOCUMENTATION_COMMENTS = YES;
				CLANG_WARN_EMPTY_BODY = YES;
				CLANG_WARN_ENUM_CONVERSION = YES;
				CLANG_WARN_INFINITE_RECURSION = YES;
				CLANG_WARN_INT_CONVERSION = YES;
				CLANG_WARN_NON_LITERAL_NULL_CONVERSION = YES;
				CLANG_WARN_OBJC_IMPLICIT_RETAIN_SELF = YES;
				CLANG_WARN_OBJC_LITERAL_CONVERSION = YES;
				CLANG_WARN_OBJC_ROOT_CLASS = YES_ERROR;
				CLANG_WARN_QUOTED_INCLUDE_IN_FRAMEWORK_HEADER = YES;
				CLANG_WARN_RANGE_LOOP_ANALYSIS = YES;
				CLANG_WARN_STRICT_PROTOTYPES = YES;
				CLANG_WARN_SUSPICIOUS_MOVE = YES;
				CLANG_WARN_UNGUARDED_AVAILABILITY = YES_AGGRESSIVE;
				CLANG_WARN_UNREACHABLE_CODE = YES;
				CLANG_WARN__DUPLICATE_METHOD_MATCH = YES;
				COPY_PHASE_STRIP = NO;
				DEBUG_INFORMATION_FORMAT = "dwarf-with-dsym";
				ENABLE_NS_ASSERTIONS = NO;
				ENABLE_STRICT_OBJC_MSGSEND = YES;
				ENABLE_USER_SCRIPT_SANDBOXING = YES;
				GCC_C_LANGUAGE_STANDARD = gnu17;
				GCC_NO_COMMON_BLOCKS = YES;
				GCC_WARN_64_TO_32_BIT_CONVERSION = YES;
				GCC_WARN_ABOUT_RETURN_TYPE = YES_ERROR;
				GCC_WARN_UNDECLARED_SELECTOR = YES;
				GCC_WARN_UNINITIALIZED_AUTOS = YES_AGGRESSIVE;
				GCC_WARN_UNUSED_FUNCTION = YES;
				GCC_WARN_UNUSED_VARIABLE = YES;
				IPHONEOS_DEPLOYMENT_TARGET = 26.4;
				LOCALIZATION_PREFERS_STRING_CATALOGS = YES;
				MTL_ENABLE_DEBUG_INFO = NO;
				MTL_FAST_MATH = YES;
				SDKROOT = iphoneos;
				SWIFT_COMPILATION_MODE = wholemodule;
				VALIDATE_PRODUCT = YES;
			};
			name = Release;
		};
		E6B00219306DF03B00397EFF /* Debug */ = {
			isa = XCBuildConfiguration;
			buildSettings = {
				ASSETCATALOG_COMPILER_APPICON_NAME = AppIcon;
				ASSETCATALOG_COMPILER_GLOBAL_ACCENT_COLOR_NAME = AccentColor;
				CODE_SIGN_ENTITLEMENTS = LeanPaws/LeanPaws.entitlements;
				CODE_SIGN_STYLE = Automatic;
				CURRENT_PROJECT_VERSION = 1;
				DEVELOPMENT_TEAM = 4FFH22F476;
				ENABLE_PREVIEWS = YES;
				GENERATE_INFOPLIST_FILE = YES;
				INFOPLIST_KEY_UIApplicationSceneManifest_Generation = YES;
				INFOPLIST_KEY_UIApplicationSupportsIndirectInputEvents = YES;
				INFOPLIST_KEY_UILaunchScreen_Generation = YES;
				INFOPLIST_KEY_UISupportedInterfaceOrientations_iPad = "UIInterfaceOrientationPortrait UIInterfaceOrientationPortraitUpsideDown UIInterfaceOrientationLandscapeLeft UIInterfaceOrientationLandscapeRight";
				INFOPLIST_KEY_UISupportedInterfaceOrientations_iPhone = "UIInterfaceOrientationPortrait UIInterfaceOrientationLandscapeLeft UIInterfaceOrientationLandscapeRight";
				LD_RUNPATH_SEARCH_PATHS = (
					"$(inherited)",
					"@executable_path/Frameworks",
				);
				MARKETING_VERSION = 1.0;
				PRODUCT_BUNDLE_IDENTIFIER = Brandon.LeanPaws;
				PRODUCT_NAME = "$(TARGET_NAME)";
				STRING_CATALOG_GENERATE_SYMBOLS = YES;
				SWIFT_APPROACHABLE_CONCURRENCY = YES;
				SWIFT_DEFAULT_ACTOR_ISOLATION = MainActor;
				SWIFT_EMIT_LOC_STRINGS = YES;
				SWIFT_UPCOMING_FEATURE_MEMBER_IMPORT_VISIBILITY = YES;
				SWIFT_VERSION = 5.0;
				TARGETED_DEVICE_FAMILY = "1,2";
			};
			name = Debug;
		};
		E6B0021A306DF03B00397EFF /* Release */ = {
			isa = XCBuildConfiguration;
			buildSettings = {
				ASSETCATALOG_COMPILER_APPICON_NAME = AppIcon;
				ASSETCATALOG_COMPILER_GLOBAL_ACCENT_COLOR_NAME = AccentColor;
				CODE_SIGN_ENTITLEMENTS = LeanPaws/LeanPaws.entitlements;
				CODE_SIGN_STYLE = Automatic;
				CURRENT_PROJECT_VERSION = 1;
				DEVELOPMENT_TEAM = 4FFH22F476;
				ENABLE_PREVIEWS = YES;
				GENERATE_INFOPLIST_FILE = YES;
				INFOPLIST_KEY_UIApplicationSceneManifest_Generation = YES;
				INFOPLIST_KEY_UIApplicationSupportsIndirectInputEvents = YES;
				INFOPLIST_KEY_UILaunchScreen_Generation = YES;
				INFOPLIST_KEY_UISupportedInterfaceOrientations_iPad = "UIInterfaceOrientationPortrait UIInterfaceOrientationPortraitUpsideDown UIInterfaceOrientationLandscapeLeft UIInterfaceOrientationLandscapeRight";
				INFOPLIST_KEY_UISupportedInterfaceOrientations_iPhone = "UIInterfaceOrientationPortrait UIInterfaceOrientationLandscapeLeft UIInterfaceOrientationLandscapeRight";
				LD_RUNPATH_SEARCH_PATHS = (
					"$(inherited)",
					"@executable_path/Frameworks",
				);
				MARKETING_VERSION = 1.0;
				PRODUCT_BUNDLE_IDENTIFIER = Brandon.LeanPaws;
				PRODUCT_NAME = "$(TARGET_NAME)";
				STRING_CATALOG_GENERATE_SYMBOLS = YES;
				SWIFT_APPROACHABLE_CONCURRENCY = YES;
				SWIFT_DEFAULT_ACTOR_ISOLATION = MainActor;
				SWIFT_EMIT_LOC_STRINGS = YES;
				SWIFT_UPCOMING_FEATURE_MEMBER_IMPORT_VISIBILITY = YES;
				SWIFT_VERSION = 5.0;
				TARGETED_DEVICE_FAMILY = "1,2";
			};
			name = Release;
		};
		E6B0021C306DF03B00397EFF /* Debug */ = {
			isa = XCBuildConfiguration;
			buildSettings = {
				BUNDLE_LOADER = "$(TEST_HOST)";
				CLANG_ENABLE_MODULES = YES;
				CODE_SIGN_STYLE = Automatic;
				CURRENT_PROJECT_VERSION = 1;
				GENERATE_INFOPLIST_FILE = YES;
				IPHONEOS_DEPLOYMENT_TARGET = 26.4;
				MARKETING_VERSION = 1.0;
				PRODUCT_BUNDLE_IDENTIFIER = Brandon.LeanPawsTests;
				PRODUCT_NAME = "$(TARGET_NAME)";
				STRING_CATALOG_GENERATE_SYMBOLS = NO;
				SWIFT_APPROACHABLE_CONCURRENCY = YES;
				SWIFT_EMIT_LOC_STRINGS = NO;
				SWIFT_OPTIMIZATION_LEVEL = "-Onone";
				SWIFT_UPCOMING_FEATURE_MEMBER_IMPORT_VISIBILITY = YES;
				SWIFT_VERSION = 5.0;
				TARGETED_DEVICE_FAMILY = "1,2";
				TEST_HOST = "$(BUILT_PRODUCTS_DIR)/LeanPaws.app/$(BUNDLE_EXECUTABLE_FOLDER_PATH)/LeanPaws";
			};
			name = Debug;
		};
		E6B0021D306DF03B00397EFF /* Release */ = {
			isa = XCBuildConfiguration;
			buildSettings = {
				BUNDLE_LOADER = "$(TEST_HOST)";
				CLANG_ENABLE_MODULES = YES;
				CODE_SIGN_STYLE = Automatic;
				CURRENT_PROJECT_VERSION = 1;
				GENERATE_INFOPLIST_FILE = YES;
				IPHONEOS_DEPLOYMENT_TARGET = 26.4;
				MARKETING_VERSION = 1.0;
				PRODUCT_BUNDLE_IDENTIFIER = Brandon.LeanPawsTests;
				PRODUCT_NAME = "$(TARGET_NAME)";
				STRING_CATALOG_GENERATE_SYMBOLS = NO;
				SWIFT_APPROACHABLE_CONCURRENCY = YES;
				SWIFT_EMIT_LOC_STRINGS = NO;
				SWIFT_UPCOMING_FEATURE_MEMBER_IMPORT_VISIBILITY = YES;
				SWIFT_VERSION = 5.0;
				TARGETED_DEVICE_FAMILY = "1,2";
				TEST_HOST = "$(BUILT_PRODUCTS_DIR)/LeanPaws.app/$(BUNDLE_EXECUTABLE_FOLDER_PATH)/LeanPaws";
			};
			name = Release;
		};
		E6B0021F306DF03B00397EFF /* Debug */ = {
			isa = XCBuildConfiguration;
			buildSettings = {
				CODE_SIGN_STYLE = Automatic;
				CURRENT_PROJECT_VERSION = 1;
				GENERATE_INFOPLIST_FILE = YES;
				MARKETING_VERSION = 1.0;
				PRODUCT_BUNDLE_IDENTIFIER = Brandon.LeanPawsUITests;
				PRODUCT_NAME = "$(TARGET_NAME)";
				STRING_CATALOG_GENERATE_SYMBOLS = NO;
				SWIFT_APPROACHABLE_CONCURRENCY = YES;
				SWIFT_EMIT_LOC_STRINGS = NO;
				SWIFT_UPCOMING_FEATURE_MEMBER_IMPORT_VISIBILITY = YES;
				SWIFT_VERSION = 5.0;
				TARGETED_DEVICE_FAMILY = "1,2";
				TEST_TARGET_NAME = LeanPaws;
			};
			name = Debug;
		};
		E6B00220306DF03B00397EFF /* Release */ = {
			isa = XCBuildConfiguration;
			buildSettings = {
				CODE_SIGN_STYLE = Automatic;
				CURRENT_PROJECT_VERSION = 1;
				GENERATE_INFOPLIST_FILE = YES;
				MARKETING_VERSION = 1.0;
				PRODUCT_BUNDLE_IDENTIFIER = Brandon.LeanPawsUITests;
				PRODUCT_NAME = "$(TARGET_NAME)";
				STRING_CATALOG_GENERATE_SYMBOLS = NO;
				SWIFT_APPROACHABLE_CONCURRENCY = YES;
				SWIFT_EMIT_LOC_STRINGS = NO;
				SWIFT_UPCOMING_FEATURE_MEMBER_IMPORT_VISIBILITY = YES;
				SWIFT_VERSION = 5.0;
				TARGETED_DEVICE_FAMILY = "1,2";
				TEST_TARGET_NAME = LeanPaws;
			};
			name = Release;
		};
		E6B0025B306DF24D00397EFF /* Debug */ = {
			isa = XCBuildConfiguration;
			buildSettings = {
				ASSETCATALOG_COMPILER_GLOBAL_ACCENT_COLOR_NAME = AccentColor;
				ASSETCATALOG_COMPILER_WIDGET_BACKGROUND_COLOR_NAME = WidgetBackground;
				CODE_SIGN_ENTITLEMENTS = LeanPawsWidgetExtension.entitlements;
				CODE_SIGN_STYLE = Automatic;
				CURRENT_PROJECT_VERSION = 1;
				DEVELOPMENT_TEAM = 4FFH22F476;
				GENERATE_INFOPLIST_FILE = YES;
				INFOPLIST_FILE = LeanPawsWidget/Info.plist;
				INFOPLIST_KEY_CFBundleDisplayName = LeanPawsWidget;
				INFOPLIST_KEY_NSHumanReadableCopyright = "";
				LD_RUNPATH_SEARCH_PATHS = (
					"$(inherited)",
					"@executable_path/Frameworks",
					"@executable_path/../../Frameworks",
				);
				MARKETING_VERSION = 1.0;
				PRODUCT_BUNDLE_IDENTIFIER = Brandon.LeanPaws.LeanPawsWidget;
				PRODUCT_NAME = "$(TARGET_NAME)";
				SKIP_INSTALL = YES;
				STRING_CATALOG_GENERATE_SYMBOLS = YES;
				SWIFT_APPROACHABLE_CONCURRENCY = YES;
				SWIFT_EMIT_LOC_STRINGS = YES;
				SWIFT_UPCOMING_FEATURE_MEMBER_IMPORT_VISIBILITY = YES;
				SWIFT_VERSION = 5.0;
				TARGETED_DEVICE_FAMILY = "1,2";
			};
			name = Debug;
		};
		E6B0025C306DF24D00397EFF /* Release */ = {
			isa = XCBuildConfiguration;
			buildSettings = {
				ASSETCATALOG_COMPILER_GLOBAL_ACCENT_COLOR_NAME = AccentColor;
				ASSETCATALOG_COMPILER_WIDGET_BACKGROUND_COLOR_NAME = WidgetBackground;
				CODE_SIGN_ENTITLEMENTS = LeanPawsWidgetExtension.entitlements;
				CODE_SIGN_STYLE = Automatic;
				CURRENT_PROJECT_VERSION = 1;
				DEVELOPMENT_TEAM = 4FFH22F476;
				GENERATE_INFOPLIST_FILE = YES;
				INFOPLIST_FILE = LeanPawsWidget/Info.plist;
				INFOPLIST_KEY_CFBundleDisplayName = LeanPawsWidget;
				INFOPLIST_KEY_NSHumanReadableCopyright = "";
				LD_RUNPATH_SEARCH_PATHS = (
					"$(inherited)",
					"@executable_path/Frameworks",
					"@executable_path/../../Frameworks",
				);
				MARKETING_VERSION = 1.0;
				PRODUCT_BUNDLE_IDENTIFIER = Brandon.LeanPaws.LeanPawsWidget;
				PRODUCT_NAME = "$(TARGET_NAME)";
				SKIP_INSTALL = YES;
				STRING_CATALOG_GENERATE_SYMBOLS = YES;
				SWIFT_APPROACHABLE_CONCURRENCY = YES;
				SWIFT_EMIT_LOC_STRINGS = YES;
				SWIFT_UPCOMING_FEATURE_MEMBER_IMPORT_VISIBILITY = YES;
				SWIFT_VERSION = 5.0;
				TARGETED_DEVICE_FAMILY = "1,2";
			};
			name = Release;
		};
		E6B00274306DF29700397EFF /* Debug */ = {
			isa = XCBuildConfiguration;
			buildSettings = {
				CODE_SIGN_ENTITLEMENTS = LeanPawsNotification/LeanPawsNotification.entitlements;
				CODE_SIGN_STYLE = Automatic;
				CURRENT_PROJECT_VERSION = 1;
				DEVELOPMENT_TEAM = 4FFH22F476;
				GENERATE_INFOPLIST_FILE = YES;
				INFOPLIST_FILE = LeanPawsNotification/Info.plist;
				INFOPLIST_KEY_CFBundleDisplayName = LeanPawsNotification;
				INFOPLIST_KEY_NSHumanReadableCopyright = "";
				LD_RUNPATH_SEARCH_PATHS = (
					"$(inherited)",
					"@executable_path/Frameworks",
					"@executable_path/../../Frameworks",
				);
				MARKETING_VERSION = 1.0;
				PRODUCT_BUNDLE_IDENTIFIER = Brandon.LeanPaws.LeanPawsNotification;
				PRODUCT_NAME = "$(TARGET_NAME)";
				SKIP_INSTALL = YES;
				STRING_CATALOG_GENERATE_SYMBOLS = YES;
				SWIFT_APPROACHABLE_CONCURRENCY = YES;
				SWIFT_EMIT_LOC_STRINGS = YES;
				SWIFT_UPCOMING_FEATURE_MEMBER_IMPORT_VISIBILITY = YES;
				SWIFT_VERSION = 5.0;
				TARGETED_DEVICE_FAMILY = "1,2";
			};
			name = Debug;
		};
		E6B00275306DF29700397EFF /* Release */ = {
			isa = XCBuildConfiguration;
			buildSettings = {
				CODE_SIGN_ENTITLEMENTS = LeanPawsNotification/LeanPawsNotification.entitlements;
				CODE_SIGN_STYLE = Automatic;
				CURRENT_PROJECT_VERSION = 1;
				DEVELOPMENT_TEAM = 4FFH22F476;
				GENERATE_INFOPLIST_FILE = YES;
				INFOPLIST_FILE = LeanPawsNotification/Info.plist;
				INFOPLIST_KEY_CFBundleDisplayName = LeanPawsNotification;
				INFOPLIST_KEY_NSHumanReadableCopyright = "";
				LD_RUNPATH_SEARCH_PATHS = (
					"$(inherited)",
					"@executable_path/Frameworks",
					"@executable_path/../../Frameworks",
				);
				MARKETING_VERSION = 1.0;
				PRODUCT_BUNDLE_IDENTIFIER = Brandon.LeanPaws.LeanPawsNotification;
				PRODUCT_NAME = "$(TARGET_NAME)";
				SKIP_INSTALL = YES;
				STRING_CATALOG_GENERATE_SYMBOLS = YES;
				SWIFT_APPROACHABLE_CONCURRENCY = YES;
				SWIFT_EMIT_LOC_STRINGS = YES;
				SWIFT_UPCOMING_FEATURE_MEMBER_IMPORT_VISIBILITY = YES;
				SWIFT_VERSION = 5.0;
				TARGETED_DEVICE_FAMILY = "1,2";
			};
			name = Release;
		};
/* End XCBuildConfiguration section */

/* Begin XCConfigurationList section */
		E6B001F2306DF03A00397EFF /* Build configuration list for PBXProject "LeanPaws" */ = {
			isa = XCConfigurationList;
			buildConfigurations = (
				E6B00216306DF03B00397EFF /* Debug */,
				E6B00217306DF03B00397EFF /* Release */,
			);
			defaultConfigurationIsVisible = 0;
			defaultConfigurationName = Release;
		};
		E6B00218306DF03B00397EFF /* Build configuration list for PBXNativeTarget "LeanPaws" */ = {
			isa = XCConfigurationList;
			buildConfigurations = (
				E6B00219306DF03B00397EFF /* Debug */,
				E6B0021A306DF03B00397EFF /* Release */,
			);
			defaultConfigurationIsVisible = 0;
			defaultConfigurationName = Release;
		};
		E6B0021B306DF03B00397EFF /* Build configuration list for PBXNativeTarget "LeanPawsTests" */ = {
			isa = XCConfigurationList;
			buildConfigurations = (
				E6B0021C306DF03B00397EFF /* Debug */,
				E6B0021D306DF03B00397EFF /* Release */,
			);
			defaultConfigurationIsVisible = 0;
			defaultConfigurationName = Release;
		};
		E6B0021E306DF03B00397EFF /* Build configuration list for PBXNativeTarget "LeanPawsUITests" */ = {
			isa = XCConfigurationList;
			buildConfigurations = (
				E6B0021F306DF03B00397EFF /* Debug */,
				E6B00220306DF03B00397EFF /* Release */,
			);
			defaultConfigurationIsVisible = 0;
			defaultConfigurationName = Release;
		};
		E6B0025E306DF24D00397EFF /* Build configuration list for PBXNativeTarget "LeanPawsWidgetExtension" */ = {
			isa = XCConfigurationList;
			buildConfigurations = (
				E6B0025B306DF24D00397EFF /* Debug */,
				E6B0025C306DF24D00397EFF /* Release */,
			);
			defaultConfigurationIsVisible = 0;
			defaultConfigurationName = Release;
		};
		E6B00273306DF29700397EFF /* Build configuration list for PBXNativeTarget "LeanPawsNotification" */ = {
			isa = XCConfigurationList;
			buildConfigurations = (
				E6B00274306DF29700397EFF /* Debug */,
				E6B00275306DF29700397EFF /* Release */,
			);
			defaultConfigurationIsVisible = 0;
			defaultConfigurationName = Release;
		};
/* End XCConfigurationList section */
	};
	rootObject = E6B001EF306DF03A00397EFF /* Project object */;
}
